
Microsoft Visual Studio Solution File, Format Version 12.00
Project("{FAE04EC0-301F-11D3-BF4B-00C04F79EFBC}") = "HelloWorldBenchmark", "HelloWorldBenchmark.csproj", "{48426E4C-2635-49CA-95C6-89321386FCEF}"
EndProject
Global
	GlobalSection(SolutionConfigurationPlatforms) = preSolution
		Debug|Any CPU = Debug|Any CPU
		Release|Any CPU = Release|Any CPU
	EndGlobalSection
	GlobalSection(ProjectConfigurationPlatforms) = postSolution
		{48426E4C-2635-49CA-95C6-89321386FCEF}.Debug|Any CPU.ActiveCfg = Debug|Any CPU
		{48426E4C-2635-49CA-95C6-89321386FCEF}.Debug|Any CPU.Build.0 = Debug|Any CPU
		{48426E4C-2635-49CA-95C6-89321386FCEF}.Release|Any CPU.ActiveCfg = Release|Any CPU
		{48426E4C-2635-49CA-95C6-89321386FCEF}.Release|Any CPU.Build.0 = Release|Any CPU
	EndGlobalSection
EndGlobal
